
Microsoft Visual Studio Solution File, Format Version 12.00
# Visual Studio Version 17
VisualStudioVersion = 17.14.36518.9
MinimumVisualStudioVersion = 10.0.40219.1
Project("{FAE04EC0-301F-11D3-BF4B-00C04F79EFBC}") = "FiapConnect", "FiapConnect.csproj", "{0F1D2EA2-2844-4A9E-A6B5-9E762EF676F2}"
EndProject
Project("{FAE04EC0-301F-11D3-BF4B-00C04F79EFBC}") = "FiapConnect.Tests", "FiapConnect.Tests\FiapConnect.Tests.csproj", "{314ABCFE-3595-4FB1-8C5D-D6EB4F83BBA1}"
EndProject
Global
	GlobalSection(SolutionConfigurationPlatforms) = preSolution
		Debug|Any CPU = Debug|Any CPU
		Debug|x64 = Debug|x64
		Debug|x86 = Debug|x86
		Release|Any CPU = Release|Any CPU
		Release|x64 = Release|x64
		Release|x86 = Release|x86
	EndGlobalSection
	GlobalSection(ProjectConfigurationPlatforms) = postSolution
		{0F1D2EA2-2844-4A9E-A6B5-9E762EF676F2}.Debug|Any CPU.ActiveCfg = Debug|Any CPU
		{0F1D2EA2-2844-4A9E-A6B5-9E762EF676F2}.Debug|Any CPU.Build.0 = Debug|Any CPU
		{0F1D2EA2-2844-4A9E-A6B5-9E762EF676F2}.Debug|x64.ActiveCfg = Debug|Any CPU
		{0F1D2EA2-2844-4A9E-A6B5-9E762EF676F2}.Debug|x64.Build.0 = Debug|Any CPU
		{0F1D2EA2-2844-4A9E-A6B5-9E762EF676F2}.Debug|x86.ActiveCfg = Debug|Any CPU
		{0F1D2EA2-2844-4A9E-A6B5-9E762EF676F2}.Debug|x86.Build.0 = Debug|Any CPU
		{0F1D2EA2-2844-4A9E-A6B5-9E762EF676F2}.Release|Any CPU.ActiveCfg = Release|Any CPU
		{0F1D2EA2-2844-4A9E-A6B5-9E762EF676F2}.Release|Any CPU.Build.0 = Release|Any CPU
		{0F1D2EA2-2844-4A9E-A6B5-9E762EF676F2}.Release|x64.ActiveCfg = Release|Any CPU
		{0F1D2EA2-2844-4A9E-A6B5-9E762EF676F2}.Release|x64.Build.0 = Release|Any CPU
		{0F1D2EA2-2844-4A9E-A6B5-9E762EF676F2}.Release|x86.ActiveCfg = Release|Any CPU
		{0F1D2EA2-2844-4A9E-A6B5-9E762EF676F2}.Release|x86.Build.0 = Release|Any CPU
		{314ABCFE-3595-4FB1-8C5D-D6EB4F83BBA1}.Debug|Any CPU.ActiveCfg = Debug|Any CPU
		{314ABCFE-3595-4FB1-8C5D-D6EB4F83BBA1}.Debug|Any CPU.Build.0 = Debug|Any CPU
		{314ABCFE-3595-4FB1-8C5D-D6EB4F83BBA1}.Debug|x64.ActiveCfg = Debug|Any CPU
		{314ABCFE-3595-4FB1-8C5D-D6EB4F83BBA1}.Debug|x64.Build.0 = Debug|Any CPU
		{314ABCFE-3595-4FB1-8C5D-D6EB4F83BBA1}.Debug|x86.ActiveCfg = Debug|Any CPU
		{314ABCFE-3595-4FB1-8C5D-D6EB4F83BBA1}.Debug|x86.Build.0 = Debug|Any CPU
		{314ABCFE-3595-4FB1-8C5D-D6EB4F83BBA1}.Release|Any CPU.ActiveCfg = Release|Any CPU
		{314ABCFE-3595-4FB1-8C5D-D6EB4F83BBA1}.Release|Any CPU.Build.0 = Release|Any CPU
		{314ABCFE-3595-4FB1-8C5D-D6EB4F83BBA1}.Release|x64.ActiveCfg = Release|Any CPU
		{314ABCFE-3595-4FB1-8C5D-D6EB4F83BBA1}.Release|x64.Build.0 = Release|Any CPU
		{314ABCFE-3595-4FB1-8C5D-D6EB4F83BBA1}.Release|x86.ActiveCfg = Release|Any CPU
		{314ABCFE-3595-4FB1-8C5D-D6EB4F83BBA1}.Release|x86.Build.0 = Release|Any CPU
	EndGlobalSection
	GlobalSection(SolutionProperties) = preSolution
		HideSolutionNode = FALSE
	EndGlobalSection
	GlobalSection(ExtensibilityGlobals) = postSolution
		SolutionGuid = {F7EC4FF2-D203-4DCF-BC9B-3824F59D3DAC}
	EndGlobalSection
EndGlobal
